
Microsoft Visual Studio Solution File, Format Version 12.00
# Visual Studio Version 17
VisualStudioVersion = 17.4.33205.214
MinimumVisualStudioVersion = 10.0.40219.1
Project("{FAE04EC0-301F-11D3-BF4B-00C04F79EFBC}") = "ConsoleApp1", "ConsoleApp1\ConsoleApp1.csproj", "{FE30F5E5-7FA8-4930-8168-45B44612347B}"
EndProject
Global
	GlobalSection(SolutionConfigurationPlatforms) = preSolution
		Debug|Any CPU = Debug|Any CPU
		Release|Any CPU = Release|Any CPU
	EndGlobalSection
	GlobalSection(ProjectConfigurationPlatforms) = postSolution
		{FE30F5E5-7FA8-4930-8168-45B44612347B}.Debug|Any CPU.ActiveCfg = Debug|Any CPU
		{FE30F5E5-7FA8-4930-8168-45B44612347B}.Debug|Any CPU.Build.0 = Debug|Any CPU
		{FE30F5E5-7FA8-4930-8168-45B44612347B}.Release|Any CPU.ActiveCfg = Release|Any CPU
		{FE30F5E5-7FA8-4930-8168-45B44612347B}.Release|Any CPU.Build.0 = Release|Any CPU
	EndGlobalSection
	GlobalSection(SolutionProperties) = preSolution
		HideSolutionNode = FALSE
	EndGlobalSection
	GlobalSection(ExtensibilityGlobals) = postSolution
		SolutionGuid = {BC070D2C-B796-4268-9913-FB616D2E32A7}
	EndGlobalSection
EndGlobal
